
Microsoft Visual Studio Solution File, Format Version 11.00
# Visual Studio 2010
Project("{FAE04EC0-301F-11D3-BF4B-00C04F79EFBC}") = "Colosoft.Security.Captcha", "Colosoft.Security.Captcha\Colosoft.Security.Captcha.csproj", "{921A54F7-3E1A-4429-9153-7AA5F372FE23}"
EndProject
Global
	GlobalSection(SolutionConfigurationPlatforms) = preSolution
		Debug|Any CPU = Debug|Any CPU
		Release|Any CPU = Release|Any CPU
	EndGlobalSection
	GlobalSection(ProjectConfigurationPlatforms) = postSolution
		{921A54F7-3E1A-4429-9153-7AA5F372FE23}.Debug|Any CPU.ActiveCfg = Debug|Any CPU
		{921A54F7-3E1A-4429-9153-7AA5F372FE23}.Debug|Any CPU.Build.0 = Debug|Any CPU
		{921A54F7-3E1A-4429-9153-7AA5F372FE23}.Release|Any CPU.ActiveCfg = Release|Any CPU
		{921A54F7-3E1A-4429-9153-7AA5F372FE23}.Release|Any CPU.Build.0 = Release|Any CPU
	EndGlobalSection
	GlobalSection(SolutionProperties) = preSolution
		HideSolutionNode = FALSE
	EndGlobalSection
EndGlobal
