
Microsoft Visual Studio Solution File, Format Version 12.00
# Visual Studio 2013
VisualStudioVersion = 12.0.40629.0
MinimumVisualStudioVersion = 10.0.40219.1
Project("{FAE04EC0-301F-11D3-BF4B-00C04F79EFBC}") = "Colosoft.Core", "Colosoft.Core\Colosoft.Core.csproj", "{29A27C05-CBEC-4FC0-AC82-E161549A4DEF}"
EndProject
Global
	GlobalSection(SolutionConfigurationPlatforms) = preSolution
		Debug|Any CPU = Debug|Any CPU
		Release|Any CPU = Release|Any CPU
	EndGlobalSection
	GlobalSection(ProjectConfigurationPlatforms) = postSolution
		{29A27C05-CBEC-4FC0-AC82-E161549A4DEF}.Debug|Any CPU.ActiveCfg = Debug|Any CPU
		{29A27C05-CBEC-4FC0-AC82-E161549A4DEF}.Debug|Any CPU.Build.0 = Debug|Any CPU
		{29A27C05-CBEC-4FC0-AC82-E161549A4DEF}.Release|Any CPU.ActiveCfg = Release|Any CPU
		{29A27C05-CBEC-4FC0-AC82-E161549A4DEF}.Release|Any CPU.Build.0 = Release|Any CPU
	EndGlobalSection
	GlobalSection(SolutionProperties) = preSolution
		HideSolutionNode = FALSE
	EndGlobalSection
	GlobalSection(TestCaseManagementSettings) = postSolution
		CategoryFile = Core.vsmdi
	EndGlobalSection
EndGlobal
