
Microsoft Visual Studio Solution File, Format Version 12.00
# Visual Studio 2013
VisualStudioVersion = 12.0.40629.0
MinimumVisualStudioVersion = 10.0.40219.1
Project("{FAE04EC0-301F-11D3-BF4B-00C04F79EFBC}") = "Colosoft.Validation", "Colosoft.Validation\Colosoft.Validation.csproj", "{FAD3C3EC-1297-4075-A2E8-DF39A5DF95CB}"
EndProject
Global
	GlobalSection(SolutionConfigurationPlatforms) = preSolution
		Debug|Any CPU = Debug|Any CPU
		Release|Any CPU = Release|Any CPU
	EndGlobalSection
	GlobalSection(ProjectConfigurationPlatforms) = postSolution
		{FAD3C3EC-1297-4075-A2E8-DF39A5DF95CB}.Debug|Any CPU.ActiveCfg = Debug|Any CPU
		{FAD3C3EC-1297-4075-A2E8-DF39A5DF95CB}.Debug|Any CPU.Build.0 = Debug|Any CPU
		{FAD3C3EC-1297-4075-A2E8-DF39A5DF95CB}.Release|Any CPU.ActiveCfg = Release|Any CPU
		{FAD3C3EC-1297-4075-A2E8-DF39A5DF95CB}.Release|Any CPU.Build.0 = Release|Any CPU
	EndGlobalSection
	GlobalSection(SolutionProperties) = preSolution
		HideSolutionNode = FALSE
	EndGlobalSection
EndGlobal
