
Microsoft Visual Studio Solution File, Format Version 12.00
# Visual Studio 2013
VisualStudioVersion = 12.0.40629.0
MinimumVisualStudioVersion = 10.0.40219.1
Project("{FAE04EC0-301F-11D3-BF4B-00C04F79EFBC}") = "Colosoft.Net", "Colosoft.Net\Colosoft.Net.csproj", "{F8E5463A-8663-435D-B1F6-CCA4EF4CE149}"
EndProject
Project("{FAE04EC0-301F-11D3-BF4B-00C04F79EFBC}") = "Colosoft.Net.Web", "Colosoft.Net.Web\Colosoft.Net.Web.csproj", "{3A597539-80A2-4446-8131-A91359D20F63}"
EndProject
Global
	GlobalSection(SolutionConfigurationPlatforms) = preSolution
		Debug|Any CPU = Debug|Any CPU
		Release|Any CPU = Release|Any CPU
	EndGlobalSection
	GlobalSection(ProjectConfigurationPlatforms) = postSolution
		{F8E5463A-8663-435D-B1F6-CCA4EF4CE149}.Debug|Any CPU.ActiveCfg = Debug|Any CPU
		{F8E5463A-8663-435D-B1F6-CCA4EF4CE149}.Debug|Any CPU.Build.0 = Debug|Any CPU
		{F8E5463A-8663-435D-B1F6-CCA4EF4CE149}.Release|Any CPU.ActiveCfg = Release|Any CPU
		{F8E5463A-8663-435D-B1F6-CCA4EF4CE149}.Release|Any CPU.Build.0 = Release|Any CPU
		{3A597539-80A2-4446-8131-A91359D20F63}.Debug|Any CPU.ActiveCfg = Debug|Any CPU
		{3A597539-80A2-4446-8131-A91359D20F63}.Debug|Any CPU.Build.0 = Debug|Any CPU
		{3A597539-80A2-4446-8131-A91359D20F63}.Release|Any CPU.ActiveCfg = Release|Any CPU
		{3A597539-80A2-4446-8131-A91359D20F63}.Release|Any CPU.Build.0 = Release|Any CPU
	EndGlobalSection
	GlobalSection(SolutionProperties) = preSolution
		HideSolutionNode = FALSE
	EndGlobalSection
EndGlobal
